
Microsoft Visual Studio Solution File, Format Version 12.00
# Visual Studio Version 16
VisualStudioVersion = 16.0.32630.194
MinimumVisualStudioVersion = 10.0.40219.1
Project("{FAE04EC0-301F-11D3-BF4B-00C04F79EFBC}") = "BankAccountUnitTesting", "BankAccountUnitTesting.csproj", "{01C55D8C-D95C-460F-A36C-6F62EA07C6C6}"
EndProject
Project("{FAE04EC0-301F-11D3-BF4B-00C04F79EFBC}") = "BankUnitTest", "..\BankUnitTest\BankUnitTest.csproj", "{1D041806-2E58-4374-BE7B-5BE3E07F391B}"
EndProject
Global
	GlobalSection(SolutionConfigurationPlatforms) = preSolution
		Debug|Any CPU = Debug|Any CPU
		Release|Any CPU = Release|Any CPU
	EndGlobalSection
	GlobalSection(ProjectConfigurationPlatforms) = postSolution
		{01C55D8C-D95C-460F-A36C-6F62EA07C6C6}.Debug|Any CPU.ActiveCfg = Debug|Any CPU
		{01C55D8C-D95C-460F-A36C-6F62EA07C6C6}.Debug|Any CPU.Build.0 = Debug|Any CPU
		{01C55D8C-D95C-460F-A36C-6F62EA07C6C6}.Release|Any CPU.ActiveCfg = Release|Any CPU
		{01C55D8C-D95C-460F-A36C-6F62EA07C6C6}.Release|Any CPU.Build.0 = Release|Any CPU
		{1D041806-2E58-4374-BE7B-5BE3E07F391B}.Debug|Any CPU.ActiveCfg = Debug|Any CPU
		{1D041806-2E58-4374-BE7B-5BE3E07F391B}.Debug|Any CPU.Build.0 = Debug|Any CPU
		{1D041806-2E58-4374-BE7B-5BE3E07F391B}.Release|Any CPU.ActiveCfg = Release|Any CPU
		{1D041806-2E58-4374-BE7B-5BE3E07F391B}.Release|Any CPU.Build.0 = Release|Any CPU
	EndGlobalSection
	GlobalSection(SolutionProperties) = preSolution
		HideSolutionNode = FALSE
	EndGlobalSection
	GlobalSection(ExtensibilityGlobals) = postSolution
		SolutionGuid = {4C4B2D78-1195-4160-9E31-F1B60EBB71BB}
	EndGlobalSection
EndGlobal
